{
  "name": "src",
  "version": "1.0.0",
  "lockfileVersion": 1,
  "requires": true,
  "dependencies": {
    "@babel/runtime": {
      "version": "7.12.5",
      "resolved": "https://registry.npmjs.org/@babel/runtime/-/runtime-7.12.5.tgz",
      "integrity": "sha512-plcc+hbExy3McchJCEQG3knOsuh3HH+Prx1P6cLIkET/0dLuQDEnrT+s27Axgc9bqfsmNUNHfscgMUdBpC9xfg==",
      "requires": {
        "regenerator-runtime": "^0.13.4"
      }
    },
    "lodash.compact": {
      "version": "3.0.1",
      "resolved": "https://registry.npmjs.org/lodash.compact/-/lodash.compact-3.0.1.tgz",
      "integrity": "sha1-VAzjg3dFl1gHRx4WtKK6IeclbKU="
    },
    "node-dig-dns": {
      "version": "0.2.12",
      "resolved": "https://registry.npmjs.org/node-dig-dns/-/node-dig-dns-0.2.12.tgz",
      "integrity": "sha512-9JyAW3R7PbuYvmKjYq4yk12VdGGAwssOFEezG1igE9PlH5/3ZKJrKl7Ll90ae3DDyloXAtpuLV3G+5cJREG9UQ==",
      "requires": {
        "@babel/runtime": "^7.11.2",
        "lodash.compact": "^3.0.1"
      }
    },
    "regenerator-runtime": {
      "version": "0.13.7",
      "resolved": "https://registry.npmjs.org/regenerator-runtime/-/regenerator-runtime-0.13.7.tgz",
      "integrity": "sha512-a54FxoJDIr27pgf7IgeQGxmqUNYrcV338lf/6gH456HZ/PhX+5BcwHXG9ajESmwe6WRO0tAzRUrRmNONWgkrew=="
    }
  }
}
